// !$*UTF8*$!
{
	archiveVersion = 1;
	classes = {
	};
	objectVersion = 50;
	objects = {

/* Begin PBXBuildFile section */
		33271CD720B6B3E2007EE16C /* main.c in Sources */ = {isa = PBXBuildFile; fileRef = 33271CCE20B6B3E1007EE16C /* main.c */; };
		33271CD820B6B3E2007EE16C /* mtvec.c in Sources */ = {isa = PBXBuildFile; fileRef = 33271CD020B6B3E2007EE16C /* mtvec.c */; };
		33271CD920B6B3E2007EE16C /* mtcstr.c in Sources */ = {isa = PBXBuildFile; fileRef = 33271CD320B6B3E2007EE16C /* mtcstr.c */; };
		33271CDA20B6B3E2007EE16C /* mtmem.c in Sources */ = {isa = PBXBuildFile; fileRef = 33271CD420B6B3E2007EE16C /* mtmem.c */; };
		33271CDB20B6B3E2007EE16C /* mtmap.c in Sources */ = {isa = PBXBuildFile; fileRef = 33271CD520B6B3E2007EE16C /* mtmap.c */; };
/* End PBXBuildFile section */

/* Begin PBXCopyFilesBuildPhase section */
		33271CC220B6B3D3007EE16C /* CopyFiles */ = {
			isa = PBXCopyFilesBuildPhase;
			buildActionMask = 2147483647;
			dstPath = /usr/share/man/man1/;
			dstSubfolderSpec = 0;
			files = (
			);
			runOnlyForDeploymentPostprocessing = 1;
		};
/* End PBXCopyFilesBuildPhase section */

/* Begin PBXFileReference section */
		33271CC420B6B3D3007EE16C /* fschangelog */ = {isa = PBXFileReference; explicitFileType = "compiled.mach-o.executable"; includeInIndex = 0; path = fschangelog; sourceTree = BUILT_PRODUCTS_DIR; };
		33271CCE20B6B3E1007EE16C /* main.c */ = {isa = PBXFileReference; fileEncoding = 4; lastKnownFileType = sourcecode.c.c; name = main.c; path = ../../../main.c; sourceTree = "<group>"; };
		33271CCF20B6B3E1007EE16C /* mtvec.h */ = {isa = PBXFileReference; fileEncoding = 4; lastKnownFileType = sourcecode.c.h; name = mtvec.h; path = ../../../mtvec.h; sourceTree = "<group>"; };
		33271CD020B6B3E2007EE16C /* mtvec.c */ = {isa = PBXFileReference; fileEncoding = 4; lastKnownFileType = sourcecode.c.c; name = mtvec.c; path = ../../../mtvec.c; sourceTree = "<group>"; };
		33271CD120B6B3E2007EE16C /* mtmem.h */ = {isa = PBXFileReference; fileEncoding = 4; lastKnownFileType = sourcecode.c.h; name = mtmem.h; path = ../../../mtmem.h; sourceTree = "<group>"; };
		33271CD220B6B3E2007EE16C /* mtcstr.h */ = {isa = PBXFileReference; fileEncoding = 4; lastKnownFileType = sourcecode.c.h; name = mtcstr.h; path = ../../../mtcstr.h; sourceTree = "<group>"; };
		33271CD320B6B3E2007EE16C /* mtcstr.c */ = {isa = PBXFileReference; fileEncoding = 4; lastKnownFileType = sourcecode.c.c; name = mtcstr.c; path = ../../../mtcstr.c; sourceTree = "<group>"; };
		33271CD420B6B3E2007EE16C /* mtmem.c */ = {isa = PBXFileReference; fileEncoding = 4; lastKnownFileType = sourcecode.c.c; name = mtmem.c; path = ../../../mtmem.c; sourceTree = "<group>"; };
		33271CD520B6B3E2007EE16C /* mtmap.c */ = {isa = PBXFileReference; fileEncoding = 4; lastKnownFileType = sourcecode.c.c; name = mtmap.c; path = ../../../mtmap.c; sourceTree = "<group>"; };
		33271CD620B6B3E2007EE16C /* mtmap.h */ = {isa = PBXFileReference; fileEncoding = 4; lastKnownFileType = sourcecode.c.h; name = mtmap.h; path = ../../../mtmap.h; sourceTree = "<group>"; };
		335F274B20B99EFC00ADC5B6 /* LICENSE */ = {isa = PBXFileReference; lastKnownFileType = text; name = LICENSE; path = ../../../LICENSE; sourceTree = "<group>"; };
		335F274C20B99EFC00ADC5B6 /* README.md */ = {isa = PBXFileReference; lastKnownFileType = net.daringfireball.markdown; name = README.md; path = ../../../README.md; sourceTree = "<group>"; };
/* End PBXFileReference section */

/* Begin PBXFrameworksBuildPhase section */
		33271CC120B6B3D3007EE16C /* Frameworks */ = {
			isa = PBXFrameworksBuildPhase;
			buildActionMask = 2147483647;
			files = (
			);
			runOnlyForDeploymentPostprocessing = 0;
		};
/* End PBXFrameworksBuildPhase section */

/* Begin PBXGroup section */
		33271CBB20B6B3D3007EE16C = {
			isa = PBXGroup;
			children = (
				33271CC620B6B3D3007EE16C /* fschangelog */,
				33271CC520B6B3D3007EE16C /* Products */,
			);
			sourceTree = "<group>";
		};
		33271CC520B6B3D3007EE16C /* Products */ = {
			isa = PBXGroup;
			children = (
				33271CC420B6B3D3007EE16C /* fschangelog */,
			);
			name = Products;
			sourceTree = "<group>";
		};
		33271CC620B6B3D3007EE16C /* fschangelog */ = {
			isa = PBXGroup;
			children = (
				33271CCE20B6B3E1007EE16C /* main.c */,
				33271CD320B6B3E2007EE16C /* mtcstr.c */,
				33271CD220B6B3E2007EE16C /* mtcstr.h */,
				33271CD520B6B3E2007EE16C /* mtmap.c */,
				33271CD620B6B3E2007EE16C /* mtmap.h */,
				33271CD420B6B3E2007EE16C /* mtmem.c */,
				33271CD120B6B3E2007EE16C /* mtmem.h */,
				33271CD020B6B3E2007EE16C /* mtvec.c */,
				33271CCF20B6B3E1007EE16C /* mtvec.h */,
				335F274B20B99EFC00ADC5B6 /* LICENSE */,
				335F274C20B99EFC00ADC5B6 /* README.md */,
			);
			path = fschangelog;
			sourceTree = "<group>";
		};
/* End PBXGroup section */

/* Begin PBXNativeTarget section */
		33271CC320B6B3D3007EE16C /* fschangelog */ = {
			isa = PBXNativeTarget;
			buildConfigurationList = 33271CCB20B6B3D3007EE16C /* Build configuration list for PBXNativeTarget "fschangelog" */;
			buildPhases = (
				33271CC020B6B3D3007EE16C /* Sources */,
				33271CC120B6B3D3007EE16C /* Frameworks */,
				33271CC220B6B3D3007EE16C /* CopyFiles */,
			);
			buildRules = (
			);
			dependencies = (
			);
			name = fschangelog;
			productName = fschangelog;
			productReference = 33271CC420B6B3D3007EE16C /* fschangelog */;
			productType = "com.apple.product-type.tool";
		};
/* End PBXNativeTarget section */

/* Begin PBXProject section */
		33271CBC20B6B3D3007EE16C /* Project object */ = {
			isa = PBXProject;
			attributes = {
				LastUpgradeCheck = 0930;
				ORGANIZATIONNAME = milgra;
				TargetAttributes = {
					33271CC320B6B3D3007EE16C = {
						CreatedOnToolsVersion = 9.3.1;
					};
				};
			};
			buildConfigurationList = 33271CBF20B6B3D3007EE16C /* Build configuration list for PBXProject "fschangelog" */;
			compatibilityVersion = "Xcode 9.3";
			developmentRegion = en;
			hasScannedForEncodings = 0;
			knownRegions = (
				en,
			);
			mainGroup = 33271CBB20B6B3D3007EE16C;
			productRefGroup = 33271CC520B6B3D3007EE16C /* Products */;
			projectDirPath = "";
			projectRoot = "";
			targets = (
				33271CC320B6B3D3007EE16C /* fschangelog */,
			);
		};
/* End PBXProject section */

/* Begin PBXSourcesBuildPhase section */
		33271CC020B6B3D3007EE16C /* Sources */ = {
			isa = PBXSourcesBuildPhase;
			buildActionMask = 2147483647;
			files = (
				33271CDA20B6B3E2007EE16C /* mtmem.c in Sources */,
				33271CD720B6B3E2007EE16C /* main.c in Sources */,
				33271CD920B6B3E2007EE16C /* mtcstr.c in Sources */,
				33271CDB20B6B3E2007EE16C /* mtmap.c in Sources */,
				33271CD820B6B3E2007EE16C /* mtvec.c in Sources */,
			);
			runOnlyForDeploymentPostprocessing = 0;
		};
/* End PBXSourcesBuildPhase section */

/* Begin XCBuildConfiguration section */
		33271CC920B6B3D3007EE16C /* Debug */ = {
			isa = XCBuildConfiguration;
			buildSettings = {
				ALWAYS_SEARCH_USER_PATHS = NO;
				CLANG_ANALYZER_NONNULL = YES;
				CLANG_ANALYZER_NUMBER_OBJECT_CONVERSION = YES_AGGRESSIVE;
				CLANG_CXX_LANGUAGE_STANDARD = "gnu++14";
				CLANG_CXX_LIBRARY = "libc++";
				CLANG_ENABLE_MODULES = YES;
				CLANG_ENABLE_OBJC_ARC = YES;
				CLANG_ENABLE_OBJC_WEAK = YES;
				CLANG_WARN_BLOCK_CAPTURE_AUTORELEASING = YES;
				CLANG_WARN_BOOL_CONVERSION = YES;
				CLANG_WARN_COMMA = YES;
				CLANG_WARN_CONSTANT_CONVERSION = YES;
				CLANG_WARN_DEPRECATED_OBJC_IMPLEMENTATIONS = YES;
				CLANG_WARN_DIRECT_OBJC_ISA_USAGE = YES_ERROR;
				CLANG_WARN_DOCUMENTATION_COMMENTS = YES;
				CLANG_WARN_EMPTY_BODY = YES;
				CLANG_WARN_ENUM_CONVERSION = YES;
				CLANG_WARN_INFINITE_RECURSION = YES;
				CLANG_WARN_INT_CONVERSION = YES;
				CLANG_WARN_NON_LITERAL_NULL_CONVERSION = YES;
				CLANG_WARN_OBJC_IMPLICIT_RETAIN_SELF = YES;
				CLANG_WARN_OBJC_LITERAL_CONVERSION = YES;
				CLANG_WARN_OBJC_ROOT_CLASS = YES_ERROR;
				CLANG_WARN_RANGE_LOOP_ANALYSIS = YES;
				CLANG_WARN_STRICT_PROTOTYPES = YES;
				CLANG_WARN_SUSPICIOUS_MOVE = YES;
				CLANG_WARN_UNGUARDED_AVAILABILITY = YES_AGGRESSIVE;
				CLANG_WARN_UNREACHABLE_CODE = YES;
				CLANG_WARN__DUPLICATE_METHOD_MATCH = YES;
				CODE_SIGN_IDENTITY = "-";
				COPY_PHASE_STRIP = NO;
				DEBUG_INFORMATION_FORMAT = dwarf;
				ENABLE_STRICT_OBJC_MSGSEND = YES;
				ENABLE_TESTABILITY = YES;
				GCC_C_LANGUAGE_STANDARD = gnu11;
				GCC_DYNAMIC_NO_PIC = NO;
				GCC_NO_COMMON_BLOCKS = YES;
				GCC_OPTIMIZATION_LEVEL = 0;
				GCC_PREPROCESSOR_DEFINITIONS = (
					"DEBUG=1",
					"$(inherited)",
				);
				GCC_WARN_64_TO_32_BIT_CONVERSION = YES;
				GCC_WARN_ABOUT_RETURN_TYPE = YES_ERROR;
				GCC_WARN_UNDECLARED_SELECTOR = YES;
				GCC_WARN_UNINITIALIZED_AUTOS = YES_AGGRESSIVE;
				GCC_WARN_UNUSED_FUNCTION = YES;
				GCC_WARN_UNUSED_VARIABLE = YES;
				MACOSX_DEPLOYMENT_TARGET = 10.13;
				MTL_ENABLE_DEBUG_INFO = YES;
				ONLY_ACTIVE_ARCH = YES;
				SDKROOT = macosx;
			};
			name = Debug;
		};
		33271CCA20B6B3D3007EE16C /* Release */ = {
			isa = XCBuildConfiguration;
			buildSettings = {
				ALWAYS_SEARCH_USER_PATHS = NO;
				CLANG_ANALYZER_NONNULL = YES;
				CLANG_ANALYZER_NUMBER_OBJECT_CONVERSION = YES_AGGRESSIVE;
				CLANG_CXX_LANGUAGE_STANDARD = "gnu++14";
				CLANG_CXX_LIBRARY = "libc++";
				CLANG_ENABLE_MODULES = YES;
				CLANG_ENABLE_OBJC_ARC = YES;
				CLANG_ENABLE_OBJC_WEAK = YES;
				CLANG_WARN_BLOCK_CAPTURE_AUTORELEASING = YES;
				CLANG_WARN_BOOL_CONVERSION = YES;
				CLANG_WARN_COMMA = YES;
				CLANG_WARN_CONSTANT_CONVERSION = YES;
				CLANG_WARN_DEPRECATED_OBJC_IMPLEMENTATIONS = YES;
				CLANG_WARN_DIRECT_OBJC_ISA_USAGE = YES_ERROR;
				CLANG_WARN_DOCUMENTATION_COMMENTS = YES;
				CLANG_WARN_EMPTY_BODY = YES;
				CLANG_WARN_ENUM_CONVERSION = YES;
				CLANG_WARN_INFINITE_RECURSION = YES;
				CLANG_WARN_INT_CONVERSION = YES;
				CLANG_WARN_NON_LITERAL_NULL_CONVERSION = YES;
				CLANG_WARN_OBJC_IMPLICIT_RETAIN_SELF = YES;
				CLANG_WARN_OBJC_LITERAL_CONVERSION = YES;
				CLANG_WARN_OBJC_ROOT_CLASS = YES_ERROR;
				CLANG_WARN_RANGE_LOOP_ANALYSIS = YES;
				CLANG_WARN_STRICT_PROTOTYPES = YES;
				CLANG_WARN_SUSPICIOUS_MOVE = YES;
				CLANG_WARN_UNGUARDED_AVAILABILITY = YES_AGGRESSIVE;
				CLANG_WARN_UNREACHABLE_CODE = YES;
				CLANG_WARN__DUPLICATE_METHOD_MATCH = YES;
				CODE_SIGN_IDENTITY = "-";
				COPY_PHASE_STRIP = NO;
				DEBUG_INFORMATION_FORMAT = "dwarf-with-dsym";
				ENABLE_NS_ASSERTIONS = NO;
				ENABLE_STRICT_OBJC_MSGSEND = YES;
				GCC_C_LANGUAGE_STANDARD = gnu11;
				GCC_NO_COMMON_BLOCKS = YES;
				GCC_WARN_64_TO_32_BIT_CONVERSION = YES;
				GCC_WARN_ABOUT_RETURN_TYPE = YES_ERROR;
				GCC_WARN_UNDECLARED_SELECTOR = YES;
				GCC_WARN_UNINITIALIZED_AUTOS = YES_AGGRESSIVE;
				GCC_WARN_UNUSED_FUNCTION = YES;
				GCC_WARN_UNUSED_VARIABLE = YES;
				MACOSX_DEPLOYMENT_TARGET = 10.13;
				MTL_ENABLE_DEBUG_INFO = NO;
				SDKROOT = macosx;
			};
			name = Release;
		};
		33271CCC20B6B3D3007EE16C /* Debug */ = {
			isa = XCBuildConfiguration;
			buildSettings = {
				CODE_SIGN_STYLE = Automatic;
				PRODUCT_NAME = "$(TARGET_NAME)";
			};
			name = Debug;
		};
		33271CCD20B6B3D3007EE16C /* Release */ = {
			isa = XCBuildConfiguration;
			buildSettings = {
				CODE_SIGN_STYLE = Automatic;
				PRODUCT_NAME = "$(TARGET_NAME)";
			};
			name = Release;
		};
/* End XCBuildConfiguration section */

/* Begin XCConfigurationList section */
		33271CBF20B6B3D3007EE16C /* Build configuration list for PBXProject "fschangelog" */ = {
			isa = XCConfigurationList;
			buildConfigurations = (
				33271CC920B6B3D3007EE16C /* Debug */,
				33271CCA20B6B3D3007EE16C /* Release */,
			);
			defaultConfigurationIsVisible = 0;
			defaultConfigurationName = Release;
		};
		33271CCB20B6B3D3007EE16C /* Build configuration list for PBXNativeTarget "fschangelog" */ = {
			isa = XCConfigurationList;
			buildConfigurations = (
				33271CCC20B6B3D3007EE16C /* Debug */,
				33271CCD20B6B3D3007EE16C /* Release */,
			);
			defaultConfigurationIsVisible = 0;
			defaultConfigurationName = Release;
		};
/* End XCConfigurationList section */
	};
	rootObject = 33271CBC20B6B3D3007EE16C /* Project object */;
}
